
Microsoft Visual Studio Solution File, Format Version 12.00
# Visual Studio Version 16
VisualStudioVersion = 16.0.29503.13
MinimumVisualStudioVersion = 10.0.40219.1
Project("{9A19103F-16F7-4668-BE54-9A1E7A4F7556}") = "RealEstate.Presentation", "RealEstate.Presentation\RealEstate.Presentation.csproj", "{F095D93D-C82B-4977-96F2-03BD4FC0960F}"
EndProject
Project("{9A19103F-16F7-4668-BE54-9A1E7A4F7556}") = "RealEstate.Domain", "RealEstate.Domain\RealEstate.Domain.csproj", "{C6272E8F-AFC9-44D9-B534-CABA103DB0D0}"
EndProject
Project("{2150E333-8FDC-42A3-9474-1A3956D46DE8}") = "tests", "tests", "{7D7C9D0E-2D00-48F4-952A-632087329DC2}"
EndProject
Project("{FAE04EC0-301F-11D3-BF4B-00C04F79EFBC}") = "RealEstate.UnitTests", "tests\RealEstate.UnitTests\RealEstate.UnitTests.csproj", "{DE2C9704-6121-4438-8739-E55B8B319846}"
EndProject
Project("{FAE04EC0-301F-11D3-BF4B-00C04F79EFBC}") = "RealEstate.IntegrationTests", "RealEstate.IntegrationTests\RealEstate.IntegrationTests.csproj", "{012655B5-13C3-4AF6-A267-8B58CA7A0B49}"
EndProject
Global
	GlobalSection(SolutionConfigurationPlatforms) = preSolution
		Debug|Any CPU = Debug|Any CPU
		Release|Any CPU = Release|Any CPU
	EndGlobalSection
	GlobalSection(ProjectConfigurationPlatforms) = postSolution
		{F095D93D-C82B-4977-96F2-03BD4FC0960F}.Debug|Any CPU.ActiveCfg = Debug|Any CPU
		{F095D93D-C82B-4977-96F2-03BD4FC0960F}.Debug|Any CPU.Build.0 = Debug|Any CPU
		{F095D93D-C82B-4977-96F2-03BD4FC0960F}.Release|Any CPU.ActiveCfg = Release|Any CPU
		{F095D93D-C82B-4977-96F2-03BD4FC0960F}.Release|Any CPU.Build.0 = Release|Any CPU
		{C6272E8F-AFC9-44D9-B534-CABA103DB0D0}.Debug|Any CPU.ActiveCfg = Debug|Any CPU
		{C6272E8F-AFC9-44D9-B534-CABA103DB0D0}.Debug|Any CPU.Build.0 = Debug|Any CPU
		{C6272E8F-AFC9-44D9-B534-CABA103DB0D0}.Release|Any CPU.ActiveCfg = Release|Any CPU
		{C6272E8F-AFC9-44D9-B534-CABA103DB0D0}.Release|Any CPU.Build.0 = Release|Any CPU
		{DE2C9704-6121-4438-8739-E55B8B319846}.Debug|Any CPU.ActiveCfg = Debug|Any CPU
		{DE2C9704-6121-4438-8739-E55B8B319846}.Debug|Any CPU.Build.0 = Debug|Any CPU
		{DE2C9704-6121-4438-8739-E55B8B319846}.Release|Any CPU.ActiveCfg = Release|Any CPU
		{DE2C9704-6121-4438-8739-E55B8B319846}.Release|Any CPU.Build.0 = Release|Any CPU
		{012655B5-13C3-4AF6-A267-8B58CA7A0B49}.Debug|Any CPU.ActiveCfg = Debug|Any CPU
		{012655B5-13C3-4AF6-A267-8B58CA7A0B49}.Debug|Any CPU.Build.0 = Debug|Any CPU
		{012655B5-13C3-4AF6-A267-8B58CA7A0B49}.Release|Any CPU.ActiveCfg = Release|Any CPU
		{012655B5-13C3-4AF6-A267-8B58CA7A0B49}.Release|Any CPU.Build.0 = Release|Any CPU
	EndGlobalSection
	GlobalSection(SolutionProperties) = preSolution
		HideSolutionNode = FALSE
	EndGlobalSection
	GlobalSection(NestedProjects) = preSolution
		{DE2C9704-6121-4438-8739-E55B8B319846} = {7D7C9D0E-2D00-48F4-952A-632087329DC2}
		{012655B5-13C3-4AF6-A267-8B58CA7A0B49} = {7D7C9D0E-2D00-48F4-952A-632087329DC2}
	EndGlobalSection
	GlobalSection(ExtensibilityGlobals) = postSolution
		SolutionGuid = {D6B56368-926B-4A3D-A7EB-1F267E028626}
	EndGlobalSection
EndGlobal
